
Microsoft Visual Studio Solution File, Format Version 12.00
# Visual Studio Version 16
VisualStudioVersion = 16.0.29519.87
MinimumVisualStudioVersion = 10.0.40219.1
Project("{9A19103F-16F7-4668-BE54-9A1E7A4F7556}") = "Microsoft.Extensions.Caching.ServiceFabric", "Microsoft.Extensions.Caching.ServiceFabric\Microsoft.Extensions.Caching.ServiceFabric.csproj", "{71333294-730D-4F7E-B8C2-861879418008}"
EndProject
Project("{9A19103F-16F7-4668-BE54-9A1E7A4F7556}") = "Microsoft.Extensions.Caching.ServiceFabric.Test", "Microsoft.Extensions.Caching.ServiceFabric.Test\Microsoft.Extensions.Caching.ServiceFabric.Test.csproj", "{6741A8E9-6833-4367-8D7A-3F3EDEA6D2E3}"
	ProjectSection(ProjectDependencies) = postProject
		{5DB452F3-45C8-40E4-A86D-D387751081D9} = {5DB452F3-45C8-40E4-A86D-D387751081D9}
	EndProjectSection
EndProject
Project("{9A19103F-16F7-4668-BE54-9A1E7A4F7556}") = "Microsoft.Extensions.Caching.ServiceFabric.UserSession", "Microsoft.Extensions.Caching.ServiceFabric.UserSession\Microsoft.Extensions.Caching.ServiceFabric.UserSession.csproj", "{30EDDF6A-DD00-4778-BB65-F2E64280DDDF}"
EndProject
Project("{A07B5EB6-E848-4116-A8D0-A826331D98C6}") = "Microsoft.Extensions.Caching.ServiceFabric.Application", "Microsoft.Extensions.Caching.ServiceFabric.Application\Microsoft.Extensions.Caching.ServiceFabric.Application.sfproj", "{0F987587-18BC-48A4-B6C3-0067B42151D1}"
EndProject
Project("{9A19103F-16F7-4668-BE54-9A1E7A4F7556}") = "Microsoft.Extensions.Caching.ServiceFabric.SessionKeys", "Microsoft.Extensions.Caching.ServiceFabric.SessionKeys\Microsoft.Extensions.Caching.ServiceFabric.SessionKeys.csproj", "{5DB452F3-45C8-40E4-A86D-D387751081D9}"
EndProject
Project("{FAE04EC0-301F-11D3-BF4B-00C04F79EFBC}") = "Microsoft.Extensions.Caching.ServiceFabric.SessionKeys.Interfaces", "Microsoft.Extensions.Caching.ServiceFabric.SessionKeys.Interfaces\Microsoft.Extensions.Caching.ServiceFabric.SessionKeys.Interfaces.csproj", "{CFAE53E5-ACC4-4F1B-8F00-FDBAD3F094C7}"
EndProject
Project("{9A19103F-16F7-4668-BE54-9A1E7A4F7556}") = "Microsoft.Extensions.Caching.ServiceFabric.UserSession.Interfaces", "Microsoft.Extensions.Caching.ServiceFabric.UserSession.Interfaces\Microsoft.Extensions.Caching.ServiceFabric.UserSession.Interfaces.csproj", "{BFA33B6C-6F71-4C88-BE31-865EFB354B58}"
EndProject
Global
	GlobalSection(SolutionConfigurationPlatforms) = preSolution
		Debug|Any CPU = Debug|Any CPU
		Debug|x64 = Debug|x64
		Release|Any CPU = Release|Any CPU
		Release|x64 = Release|x64
	EndGlobalSection
	GlobalSection(ProjectConfigurationPlatforms) = postSolution
		{71333294-730D-4F7E-B8C2-861879418008}.Debug|Any CPU.ActiveCfg = Debug|Any CPU
		{71333294-730D-4F7E-B8C2-861879418008}.Debug|Any CPU.Build.0 = Debug|Any CPU
		{71333294-730D-4F7E-B8C2-861879418008}.Debug|x64.ActiveCfg = Debug|Any CPU
		{71333294-730D-4F7E-B8C2-861879418008}.Debug|x64.Build.0 = Debug|Any CPU
		{71333294-730D-4F7E-B8C2-861879418008}.Release|Any CPU.ActiveCfg = Release|Any CPU
		{71333294-730D-4F7E-B8C2-861879418008}.Release|Any CPU.Build.0 = Release|Any CPU
		{71333294-730D-4F7E-B8C2-861879418008}.Release|x64.ActiveCfg = Release|Any CPU
		{71333294-730D-4F7E-B8C2-861879418008}.Release|x64.Build.0 = Release|Any CPU
		{6741A8E9-6833-4367-8D7A-3F3EDEA6D2E3}.Debug|Any CPU.ActiveCfg = Debug|Any CPU
		{6741A8E9-6833-4367-8D7A-3F3EDEA6D2E3}.Debug|Any CPU.Build.0 = Debug|Any CPU
		{6741A8E9-6833-4367-8D7A-3F3EDEA6D2E3}.Debug|x64.ActiveCfg = Debug|Any CPU
		{6741A8E9-6833-4367-8D7A-3F3EDEA6D2E3}.Debug|x64.Build.0 = Debug|Any CPU
		{6741A8E9-6833-4367-8D7A-3F3EDEA6D2E3}.Release|Any CPU.ActiveCfg = Release|Any CPU
		{6741A8E9-6833-4367-8D7A-3F3EDEA6D2E3}.Release|Any CPU.Build.0 = Release|Any CPU
		{6741A8E9-6833-4367-8D7A-3F3EDEA6D2E3}.Release|x64.ActiveCfg = Release|Any CPU
		{6741A8E9-6833-4367-8D7A-3F3EDEA6D2E3}.Release|x64.Build.0 = Release|Any CPU
		{30EDDF6A-DD00-4778-BB65-F2E64280DDDF}.Debug|Any CPU.ActiveCfg = Debug|Any CPU
		{30EDDF6A-DD00-4778-BB65-F2E64280DDDF}.Debug|Any CPU.Build.0 = Debug|Any CPU
		{30EDDF6A-DD00-4778-BB65-F2E64280DDDF}.Debug|x64.ActiveCfg = Debug|Any CPU
		{30EDDF6A-DD00-4778-BB65-F2E64280DDDF}.Debug|x64.Build.0 = Debug|Any CPU
		{30EDDF6A-DD00-4778-BB65-F2E64280DDDF}.Release|Any CPU.ActiveCfg = Release|Any CPU
		{30EDDF6A-DD00-4778-BB65-F2E64280DDDF}.Release|Any CPU.Build.0 = Release|Any CPU
		{30EDDF6A-DD00-4778-BB65-F2E64280DDDF}.Release|x64.ActiveCfg = Release|Any CPU
		{30EDDF6A-DD00-4778-BB65-F2E64280DDDF}.Release|x64.Build.0 = Release|Any CPU
		{0F987587-18BC-48A4-B6C3-0067B42151D1}.Debug|Any CPU.ActiveCfg = Debug|x64
		{0F987587-18BC-48A4-B6C3-0067B42151D1}.Debug|x64.ActiveCfg = Debug|x64
		{0F987587-18BC-48A4-B6C3-0067B42151D1}.Debug|x64.Build.0 = Debug|x64
		{0F987587-18BC-48A4-B6C3-0067B42151D1}.Debug|x64.Deploy.0 = Debug|x64
		{0F987587-18BC-48A4-B6C3-0067B42151D1}.Release|Any CPU.ActiveCfg = Release|x64
		{0F987587-18BC-48A4-B6C3-0067B42151D1}.Release|x64.ActiveCfg = Release|x64
		{0F987587-18BC-48A4-B6C3-0067B42151D1}.Release|x64.Build.0 = Release|x64
		{0F987587-18BC-48A4-B6C3-0067B42151D1}.Release|x64.Deploy.0 = Release|x64
		{5DB452F3-45C8-40E4-A86D-D387751081D9}.Debug|Any CPU.ActiveCfg = Debug|Any CPU
		{5DB452F3-45C8-40E4-A86D-D387751081D9}.Debug|Any CPU.Build.0 = Debug|Any CPU
		{5DB452F3-45C8-40E4-A86D-D387751081D9}.Debug|x64.ActiveCfg = Debug|Any CPU
		{5DB452F3-45C8-40E4-A86D-D387751081D9}.Debug|x64.Build.0 = Debug|Any CPU
		{5DB452F3-45C8-40E4-A86D-D387751081D9}.Release|Any CPU.ActiveCfg = Release|Any CPU
		{5DB452F3-45C8-40E4-A86D-D387751081D9}.Release|Any CPU.Build.0 = Release|Any CPU
		{5DB452F3-45C8-40E4-A86D-D387751081D9}.Release|x64.ActiveCfg = Release|Any CPU
		{5DB452F3-45C8-40E4-A86D-D387751081D9}.Release|x64.Build.0 = Release|Any CPU
		{CFAE53E5-ACC4-4F1B-8F00-FDBAD3F094C7}.Debug|Any CPU.ActiveCfg = Debug|Any CPU
		{CFAE53E5-ACC4-4F1B-8F00-FDBAD3F094C7}.Debug|Any CPU.Build.0 = Debug|Any CPU
		{CFAE53E5-ACC4-4F1B-8F00-FDBAD3F094C7}.Debug|x64.ActiveCfg = Debug|Any CPU
		{CFAE53E5-ACC4-4F1B-8F00-FDBAD3F094C7}.Debug|x64.Build.0 = Debug|Any CPU
		{CFAE53E5-ACC4-4F1B-8F00-FDBAD3F094C7}.Release|Any CPU.ActiveCfg = Release|Any CPU
		{CFAE53E5-ACC4-4F1B-8F00-FDBAD3F094C7}.Release|Any CPU.Build.0 = Release|Any CPU
		{CFAE53E5-ACC4-4F1B-8F00-FDBAD3F094C7}.Release|x64.ActiveCfg = Release|Any CPU
		{CFAE53E5-ACC4-4F1B-8F00-FDBAD3F094C7}.Release|x64.Build.0 = Release|Any CPU
		{BFA33B6C-6F71-4C88-BE31-865EFB354B58}.Debug|Any CPU.ActiveCfg = Debug|Any CPU
		{BFA33B6C-6F71-4C88-BE31-865EFB354B58}.Debug|Any CPU.Build.0 = Debug|Any CPU
		{BFA33B6C-6F71-4C88-BE31-865EFB354B58}.Debug|x64.ActiveCfg = Debug|Any CPU
		{BFA33B6C-6F71-4C88-BE31-865EFB354B58}.Debug|x64.Build.0 = Debug|Any CPU
		{BFA33B6C-6F71-4C88-BE31-865EFB354B58}.Release|Any CPU.ActiveCfg = Release|Any CPU
		{BFA33B6C-6F71-4C88-BE31-865EFB354B58}.Release|Any CPU.Build.0 = Release|Any CPU
		{BFA33B6C-6F71-4C88-BE31-865EFB354B58}.Release|x64.ActiveCfg = Release|Any CPU
		{BFA33B6C-6F71-4C88-BE31-865EFB354B58}.Release|x64.Build.0 = Release|Any CPU
	EndGlobalSection
	GlobalSection(SolutionProperties) = preSolution
		HideSolutionNode = FALSE
	EndGlobalSection
	GlobalSection(ExtensibilityGlobals) = postSolution
		SolutionGuid = {9672ECE5-0218-4762-A290-018D65CAD953}
	EndGlobalSection
EndGlobal
